
Microsoft Visual Studio Solution File, Format Version 12.00
# Visual Studio 15
VisualStudioVersion = 15.0.27130.2024
MinimumVisualStudioVersion = 10.0.40219.1
Project("{FAE04EC0-301F-11D3-BF4B-00C04F79EFBC}") = "Configure OXP", "Configure OXP\Configure OXP.csproj", "{70F22EF2-48FD-4CAD-AB9B-EFFDDC0457F6}"
EndProject
Project("{F2A71F9B-5D33-465A-A702-920D77279786}") = "ConfigFP", "ConfigFP\ConfigFP.fsproj", "{982024EE-9E95-4FAE-B9FD-AFC9FCCEEB46}"
EndProject
Global
	GlobalSection(SolutionConfigurationPlatforms) = preSolution
		Debug|Any CPU = Debug|Any CPU
		Release|Any CPU = Release|Any CPU
	EndGlobalSection
	GlobalSection(ProjectConfigurationPlatforms) = postSolution
		{70F22EF2-48FD-4CAD-AB9B-EFFDDC0457F6}.Debug|Any CPU.ActiveCfg = Debug|Any CPU
		{70F22EF2-48FD-4CAD-AB9B-EFFDDC0457F6}.Debug|Any CPU.Build.0 = Debug|Any CPU
		{70F22EF2-48FD-4CAD-AB9B-EFFDDC0457F6}.Release|Any CPU.ActiveCfg = Release|Any CPU
		{70F22EF2-48FD-4CAD-AB9B-EFFDDC0457F6}.Release|Any CPU.Build.0 = Release|Any CPU
		{982024EE-9E95-4FAE-B9FD-AFC9FCCEEB46}.Debug|Any CPU.ActiveCfg = Debug|Any CPU
		{982024EE-9E95-4FAE-B9FD-AFC9FCCEEB46}.Debug|Any CPU.Build.0 = Debug|Any CPU
		{982024EE-9E95-4FAE-B9FD-AFC9FCCEEB46}.Release|Any CPU.ActiveCfg = Release|Any CPU
		{982024EE-9E95-4FAE-B9FD-AFC9FCCEEB46}.Release|Any CPU.Build.0 = Release|Any CPU
	EndGlobalSection
	GlobalSection(SolutionProperties) = preSolution
		HideSolutionNode = FALSE
	EndGlobalSection
	GlobalSection(ExtensibilityGlobals) = postSolution
		SolutionGuid = {68C527F7-BAAD-4720-BC14-F22A2D05ED87}
	EndGlobalSection
EndGlobal
